
Microsoft Visual Studio Solution File, Format Version 12.00
# Visual Studio 14
VisualStudioVersion = 14.0.23107.0
MinimumVisualStudioVersion = 10.0.40219.1
Project("{888888A0-9F3D-457C-B088-3A5042F75D52}") = "assignment6pt3", "assignment6pt3\assignment6pt3.pyproj", "{48DD5E56-D2E1-4ADE-BE5E-AC2771E74FDE}"
EndProject
Global
	GlobalSection(SolutionConfigurationPlatforms) = preSolution
		Debug|Any CPU = Debug|Any CPU
		Release|Any CPU = Release|Any CPU
	EndGlobalSection
	GlobalSection(ProjectConfigurationPlatforms) = postSolution
		{48DD5E56-D2E1-4ADE-BE5E-AC2771E74FDE}.Debug|Any CPU.ActiveCfg = Debug|Any CPU
		{48DD5E56-D2E1-4ADE-BE5E-AC2771E74FDE}.Release|Any CPU.ActiveCfg = Release|Any CPU
	EndGlobalSection
	GlobalSection(SolutionProperties) = preSolution
		HideSolutionNode = FALSE
	EndGlobalSection
EndGlobal
