
Microsoft Visual Studio Solution File, Format Version 12.00
# Visual Studio 14
VisualStudioVersion = 14.0.23107.0
MinimumVisualStudioVersion = 10.0.40219.1
Project("{888888A0-9F3D-457C-B088-3A5042F75D52}") = "Assignment41c", "Assignment41c\Assignment41c.pyproj", "{48EE23B6-EC1C-4C8B-AF36-BF5CB7E98DDE}"
EndProject
Global
	GlobalSection(SolutionConfigurationPlatforms) = preSolution
		Debug|Any CPU = Debug|Any CPU
		Release|Any CPU = Release|Any CPU
	EndGlobalSection
	GlobalSection(ProjectConfigurationPlatforms) = postSolution
		{48EE23B6-EC1C-4C8B-AF36-BF5CB7E98DDE}.Debug|Any CPU.ActiveCfg = Debug|Any CPU
		{48EE23B6-EC1C-4C8B-AF36-BF5CB7E98DDE}.Release|Any CPU.ActiveCfg = Release|Any CPU
	EndGlobalSection
	GlobalSection(SolutionProperties) = preSolution
		HideSolutionNode = FALSE
	EndGlobalSection
EndGlobal
